
Microsoft Visual Studio Solution File, Format Version 12.00
# Visual Studio Version 16
VisualStudioVersion = 16.0.29102.190
MinimumVisualStudioVersion = 10.0.40219.1
Project("{FAE04EC0-301F-11D3-BF4B-00C04F79EFBC}") = "LoginIngest", "LoginIngest\LoginIngest.csproj", "{92FE72D8-36AB-4510-9B39-AC1752F0700F}"
EndProject
Global
	GlobalSection(SolutionConfigurationPlatforms) = preSolution
		Debug|Any CPU = Debug|Any CPU
		Release|Any CPU = Release|Any CPU
	EndGlobalSection
	GlobalSection(ProjectConfigurationPlatforms) = postSolution
		{92FE72D8-36AB-4510-9B39-AC1752F0700F}.Debug|Any CPU.ActiveCfg = Debug|Any CPU
		{92FE72D8-36AB-4510-9B39-AC1752F0700F}.Debug|Any CPU.Build.0 = Debug|Any CPU
		{92FE72D8-36AB-4510-9B39-AC1752F0700F}.Release|Any CPU.ActiveCfg = Release|Any CPU
		{92FE72D8-36AB-4510-9B39-AC1752F0700F}.Release|Any CPU.Build.0 = Release|Any CPU
	EndGlobalSection
	GlobalSection(SolutionProperties) = preSolution
		HideSolutionNode = FALSE
	EndGlobalSection
	GlobalSection(ExtensibilityGlobals) = postSolution
		SolutionGuid = {638A3930-1863-41A2-BF0B-7CD69B563F44}
	EndGlobalSection
EndGlobal
